
Microsoft Visual Studio Solution File, Format Version 12.00
# Visual Studio 15
VisualStudioVersion = 15.0.28010.2050
MinimumVisualStudioVersion = 10.0.40219.1
Project("{FAE04EC0-301F-11D3-BF4B-00C04F79EFBC}") = "Exercise 3", "Exercise 3\Exercise 3.csproj", "{DE41B28A-DFD9-4BEB-B35C-E38824EAD540}"
EndProject
Global
	GlobalSection(SolutionConfigurationPlatforms) = preSolution
		Debug|Any CPU = Debug|Any CPU
		Release|Any CPU = Release|Any CPU
	EndGlobalSection
	GlobalSection(ProjectConfigurationPlatforms) = postSolution
		{DE41B28A-DFD9-4BEB-B35C-E38824EAD540}.Debug|Any CPU.ActiveCfg = Debug|Any CPU
		{DE41B28A-DFD9-4BEB-B35C-E38824EAD540}.Debug|Any CPU.Build.0 = Debug|Any CPU
		{DE41B28A-DFD9-4BEB-B35C-E38824EAD540}.Release|Any CPU.ActiveCfg = Release|Any CPU
		{DE41B28A-DFD9-4BEB-B35C-E38824EAD540}.Release|Any CPU.Build.0 = Release|Any CPU
	EndGlobalSection
	GlobalSection(SolutionProperties) = preSolution
		HideSolutionNode = FALSE
	EndGlobalSection
	GlobalSection(ExtensibilityGlobals) = postSolution
		SolutionGuid = {BABEBB40-6778-463C-AEA3-0228805602E8}
	EndGlobalSection
EndGlobal
